
Microsoft Visual Studio Solution File, Format Version 12.00
# Visual Studio 15
VisualStudioVersion = 15.0.26124.0
MinimumVisualStudioVersion = 15.0.26124.0
Project("{2150E333-8FDC-42A3-9474-1A3956D46DE8}") = "src", "src", "{7604BD73-B9F9-4685-A350-E90D4D0AB2DC}"
EndProject
Project("{2150E333-8FDC-42A3-9474-1A3956D46DE8}") = "tests", "tests", "{C0058AB5-E5B2-4EED-A773-0DD136F62526}"
EndProject
Project("{FAE04EC0-301F-11D3-BF4B-00C04F79EFBC}") = "Phema.Validation", "src\Phema.Validation\Phema.Validation.csproj", "{C302056E-DB7C-4DAA-9914-D43FB29091C4}"
EndProject
Project("{FAE04EC0-301F-11D3-BF4B-00C04F79EFBC}") = "Phema.Validation.Conditions", "src\Phema.Validation.Conditions\Phema.Validation.Conditions.csproj", "{BCD66126-7FF0-40EE-8CF0-389F7667D706}"
EndProject
Project("{FAE04EC0-301F-11D3-BF4B-00C04F79EFBC}") = "Phema.Validation.Core", "src\Phema.Validation.Core\Phema.Validation.Core.csproj", "{516EAE1B-75D0-420C-9301-922941A8D287}"
EndProject
Project("{FAE04EC0-301F-11D3-BF4B-00C04F79EFBC}") = "Phema.Validation.Tests", "tests\Phema.Validation.Tests\Phema.Validation.Tests.csproj", "{BB794AD5-47C8-4EE4-959C-181352F8FF4F}"
EndProject
Project("{FAE04EC0-301F-11D3-BF4B-00C04F79EFBC}") = "Phema.Validation.Core.Tests", "tests\Phema.Validation.Core.Tests\Phema.Validation.Core.Tests.csproj", "{C921AAA0-DEAA-4376-BF22-0C555CDCE1D8}"
EndProject
Project("{FAE04EC0-301F-11D3-BF4B-00C04F79EFBC}") = "Phema.Validation.Conditions.Tests", "tests\Phema.Validation.Conditions.Tests\Phema.Validation.Conditions.Tests.csproj", "{C6768B93-8400-45ED-9498-84FC83DCC906}"
EndProject
Global
	GlobalSection(SolutionConfigurationPlatforms) = preSolution
		Debug|Any CPU = Debug|Any CPU
		Debug|x64 = Debug|x64
		Debug|x86 = Debug|x86
		Release|Any CPU = Release|Any CPU
		Release|x64 = Release|x64
		Release|x86 = Release|x86
	EndGlobalSection
	GlobalSection(SolutionProperties) = preSolution
		HideSolutionNode = FALSE
	EndGlobalSection
	GlobalSection(NestedProjects) = preSolution
		{C302056E-DB7C-4DAA-9914-D43FB29091C4} = {7604BD73-B9F9-4685-A350-E90D4D0AB2DC}
		{BCD66126-7FF0-40EE-8CF0-389F7667D706} = {7604BD73-B9F9-4685-A350-E90D4D0AB2DC}
		{516EAE1B-75D0-420C-9301-922941A8D287} = {7604BD73-B9F9-4685-A350-E90D4D0AB2DC}
		{BB794AD5-47C8-4EE4-959C-181352F8FF4F} = {C0058AB5-E5B2-4EED-A773-0DD136F62526}
		{C921AAA0-DEAA-4376-BF22-0C555CDCE1D8} = {C0058AB5-E5B2-4EED-A773-0DD136F62526}
		{C6768B93-8400-45ED-9498-84FC83DCC906} = {C0058AB5-E5B2-4EED-A773-0DD136F62526}
	EndGlobalSection
	GlobalSection(ProjectConfigurationPlatforms) = postSolution
		{C302056E-DB7C-4DAA-9914-D43FB29091C4}.Debug|Any CPU.ActiveCfg = Debug|Any CPU
		{C302056E-DB7C-4DAA-9914-D43FB29091C4}.Debug|Any CPU.Build.0 = Debug|Any CPU
		{C302056E-DB7C-4DAA-9914-D43FB29091C4}.Debug|x64.ActiveCfg = Debug|Any CPU
		{C302056E-DB7C-4DAA-9914-D43FB29091C4}.Debug|x64.Build.0 = Debug|Any CPU
		{C302056E-DB7C-4DAA-9914-D43FB29091C4}.Debug|x86.ActiveCfg = Debug|Any CPU
		{C302056E-DB7C-4DAA-9914-D43FB29091C4}.Debug|x86.Build.0 = Debug|Any CPU
		{C302056E-DB7C-4DAA-9914-D43FB29091C4}.Release|Any CPU.ActiveCfg = Release|Any CPU
		{C302056E-DB7C-4DAA-9914-D43FB29091C4}.Release|Any CPU.Build.0 = Release|Any CPU
		{C302056E-DB7C-4DAA-9914-D43FB29091C4}.Release|x64.ActiveCfg = Release|Any CPU
		{C302056E-DB7C-4DAA-9914-D43FB29091C4}.Release|x64.Build.0 = Release|Any CPU
		{C302056E-DB7C-4DAA-9914-D43FB29091C4}.Release|x86.ActiveCfg = Release|Any CPU
		{C302056E-DB7C-4DAA-9914-D43FB29091C4}.Release|x86.Build.0 = Release|Any CPU
		{BCD66126-7FF0-40EE-8CF0-389F7667D706}.Debug|Any CPU.ActiveCfg = Debug|Any CPU
		{BCD66126-7FF0-40EE-8CF0-389F7667D706}.Debug|Any CPU.Build.0 = Debug|Any CPU
		{BCD66126-7FF0-40EE-8CF0-389F7667D706}.Debug|x64.ActiveCfg = Debug|Any CPU
		{BCD66126-7FF0-40EE-8CF0-389F7667D706}.Debug|x64.Build.0 = Debug|Any CPU
		{BCD66126-7FF0-40EE-8CF0-389F7667D706}.Debug|x86.ActiveCfg = Debug|Any CPU
		{BCD66126-7FF0-40EE-8CF0-389F7667D706}.Debug|x86.Build.0 = Debug|Any CPU
		{BCD66126-7FF0-40EE-8CF0-389F7667D706}.Release|Any CPU.ActiveCfg = Release|Any CPU
		{BCD66126-7FF0-40EE-8CF0-389F7667D706}.Release|Any CPU.Build.0 = Release|Any CPU
		{BCD66126-7FF0-40EE-8CF0-389F7667D706}.Release|x64.ActiveCfg = Release|Any CPU
		{BCD66126-7FF0-40EE-8CF0-389F7667D706}.Release|x64.Build.0 = Release|Any CPU
		{BCD66126-7FF0-40EE-8CF0-389F7667D706}.Release|x86.ActiveCfg = Release|Any CPU
		{BCD66126-7FF0-40EE-8CF0-389F7667D706}.Release|x86.Build.0 = Release|Any CPU
		{516EAE1B-75D0-420C-9301-922941A8D287}.Debug|Any CPU.ActiveCfg = Debug|Any CPU
		{516EAE1B-75D0-420C-9301-922941A8D287}.Debug|Any CPU.Build.0 = Debug|Any CPU
		{516EAE1B-75D0-420C-9301-922941A8D287}.Debug|x64.ActiveCfg = Debug|Any CPU
		{516EAE1B-75D0-420C-9301-922941A8D287}.Debug|x64.Build.0 = Debug|Any CPU
		{516EAE1B-75D0-420C-9301-922941A8D287}.Debug|x86.ActiveCfg = Debug|Any CPU
		{516EAE1B-75D0-420C-9301-922941A8D287}.Debug|x86.Build.0 = Debug|Any CPU
		{516EAE1B-75D0-420C-9301-922941A8D287}.Release|Any CPU.ActiveCfg = Release|Any CPU
		{516EAE1B-75D0-420C-9301-922941A8D287}.Release|Any CPU.Build.0 = Release|Any CPU
		{516EAE1B-75D0-420C-9301-922941A8D287}.Release|x64.ActiveCfg = Release|Any CPU
		{516EAE1B-75D0-420C-9301-922941A8D287}.Release|x64.Build.0 = Release|Any CPU
		{516EAE1B-75D0-420C-9301-922941A8D287}.Release|x86.ActiveCfg = Release|Any CPU
		{516EAE1B-75D0-420C-9301-922941A8D287}.Release|x86.Build.0 = Release|Any CPU
		{BB794AD5-47C8-4EE4-959C-181352F8FF4F}.Debug|Any CPU.ActiveCfg = Debug|Any CPU
		{BB794AD5-47C8-4EE4-959C-181352F8FF4F}.Debug|Any CPU.Build.0 = Debug|Any CPU
		{BB794AD5-47C8-4EE4-959C-181352F8FF4F}.Debug|x64.ActiveCfg = Debug|Any CPU
		{BB794AD5-47C8-4EE4-959C-181352F8FF4F}.Debug|x64.Build.0 = Debug|Any CPU
		{BB794AD5-47C8-4EE4-959C-181352F8FF4F}.Debug|x86.ActiveCfg = Debug|Any CPU
		{BB794AD5-47C8-4EE4-959C-181352F8FF4F}.Debug|x86.Build.0 = Debug|Any CPU
		{BB794AD5-47C8-4EE4-959C-181352F8FF4F}.Release|Any CPU.ActiveCfg = Release|Any CPU
		{BB794AD5-47C8-4EE4-959C-181352F8FF4F}.Release|Any CPU.Build.0 = Release|Any CPU
		{BB794AD5-47C8-4EE4-959C-181352F8FF4F}.Release|x64.ActiveCfg = Release|Any CPU
		{BB794AD5-47C8-4EE4-959C-181352F8FF4F}.Release|x64.Build.0 = Release|Any CPU
		{BB794AD5-47C8-4EE4-959C-181352F8FF4F}.Release|x86.ActiveCfg = Release|Any CPU
		{BB794AD5-47C8-4EE4-959C-181352F8FF4F}.Release|x86.Build.0 = Release|Any CPU
		{C921AAA0-DEAA-4376-BF22-0C555CDCE1D8}.Debug|Any CPU.ActiveCfg = Debug|Any CPU
		{C921AAA0-DEAA-4376-BF22-0C555CDCE1D8}.Debug|Any CPU.Build.0 = Debug|Any CPU
		{C921AAA0-DEAA-4376-BF22-0C555CDCE1D8}.Debug|x64.ActiveCfg = Debug|Any CPU
		{C921AAA0-DEAA-4376-BF22-0C555CDCE1D8}.Debug|x64.Build.0 = Debug|Any CPU
		{C921AAA0-DEAA-4376-BF22-0C555CDCE1D8}.Debug|x86.ActiveCfg = Debug|Any CPU
		{C921AAA0-DEAA-4376-BF22-0C555CDCE1D8}.Debug|x86.Build.0 = Debug|Any CPU
		{C921AAA0-DEAA-4376-BF22-0C555CDCE1D8}.Release|Any CPU.ActiveCfg = Release|Any CPU
		{C921AAA0-DEAA-4376-BF22-0C555CDCE1D8}.Release|Any CPU.Build.0 = Release|Any CPU
		{C921AAA0-DEAA-4376-BF22-0C555CDCE1D8}.Release|x64.ActiveCfg = Release|Any CPU
		{C921AAA0-DEAA-4376-BF22-0C555CDCE1D8}.Release|x64.Build.0 = Release|Any CPU
		{C921AAA0-DEAA-4376-BF22-0C555CDCE1D8}.Release|x86.ActiveCfg = Release|Any CPU
		{C921AAA0-DEAA-4376-BF22-0C555CDCE1D8}.Release|x86.Build.0 = Release|Any CPU
		{C6768B93-8400-45ED-9498-84FC83DCC906}.Debug|Any CPU.ActiveCfg = Debug|Any CPU
		{C6768B93-8400-45ED-9498-84FC83DCC906}.Debug|Any CPU.Build.0 = Debug|Any CPU
		{C6768B93-8400-45ED-9498-84FC83DCC906}.Debug|x64.ActiveCfg = Debug|Any CPU
		{C6768B93-8400-45ED-9498-84FC83DCC906}.Debug|x64.Build.0 = Debug|Any CPU
		{C6768B93-8400-45ED-9498-84FC83DCC906}.Debug|x86.ActiveCfg = Debug|Any CPU
		{C6768B93-8400-45ED-9498-84FC83DCC906}.Debug|x86.Build.0 = Debug|Any CPU
		{C6768B93-8400-45ED-9498-84FC83DCC906}.Release|Any CPU.ActiveCfg = Release|Any CPU
		{C6768B93-8400-45ED-9498-84FC83DCC906}.Release|Any CPU.Build.0 = Release|Any CPU
		{C6768B93-8400-45ED-9498-84FC83DCC906}.Release|x64.ActiveCfg = Release|Any CPU
		{C6768B93-8400-45ED-9498-84FC83DCC906}.Release|x64.Build.0 = Release|Any CPU
		{C6768B93-8400-45ED-9498-84FC83DCC906}.Release|x86.ActiveCfg = Release|Any CPU
		{C6768B93-8400-45ED-9498-84FC83DCC906}.Release|x86.Build.0 = Release|Any CPU
	EndGlobalSection
EndGlobal
