
Microsoft Visual Studio Solution File, Format Version 12.00
# Visual Studio 15
VisualStudioVersion = 15.0.26124.0
MinimumVisualStudioVersion = 15.0.26124.0
Project("{2150E333-8FDC-42A3-9474-1A3956D46DE8}") = "src", "src", "{7604BD73-B9F9-4685-A350-E90D4D0AB2DC}"
EndProject
Project("{FAE04EC0-301F-11D3-BF4B-00C04F79EFBC}") = "Phema.Validation.Core", "src\Phema.Validation.Core\Phema.Validation.Core.csproj", "{0E677E35-B447-4A68-A2BF-778897A4419B}"
EndProject
Project("{FAE04EC0-301F-11D3-BF4B-00C04F79EFBC}") = "Phema.Validation", "src\Phema.Validation\Phema.Validation.csproj", "{FF4261AE-77F5-4536-80A7-8A4475F488C1}"
EndProject
Project("{2150E333-8FDC-42A3-9474-1A3956D46DE8}") = "tests", "tests", "{6CDE176E-914E-42BE-94DE-AF2F8266C77F}"
EndProject
Project("{FAE04EC0-301F-11D3-BF4B-00C04F79EFBC}") = "Phema.Validation.Tests", "tests\Phema.Validation.Tests\Phema.Validation.Tests.csproj", "{EB1EC7C0-200C-4431-8211-4EBDF4871A27}"
EndProject
Project("{FAE04EC0-301F-11D3-BF4B-00C04F79EFBC}") = "Phema.Validation.Expressions", "src\Phema.Validation.Expressions\Phema.Validation.Expressions.csproj", "{7DBB93F4-274D-4E01-925F-5036C6B95083}"
EndProject
Project("{FAE04EC0-301F-11D3-BF4B-00C04F79EFBC}") = "Phema.Validation.Conditions", "src\Phema.Validation.Conditions\Phema.Validation.Conditions.csproj", "{7D1ABE3F-436C-491B-A80A-12B0982746BB}"
EndProject
Project("{FAE04EC0-301F-11D3-BF4B-00C04F79EFBC}") = "Phema.Validation.Conditions.Tests", "tests\Phema.Validation.Conditions.Tests\Phema.Validation.Conditions.Tests.csproj", "{A5091ECA-7D90-4DF8-890D-CC357CB407E4}"
EndProject
Project("{FAE04EC0-301F-11D3-BF4B-00C04F79EFBC}") = "Phema.Validation.Expressions.Tests", "tests\Phema.Validation.Expressions.Tests\Phema.Validation.Expressions.Tests.csproj", "{0C188AAB-C44D-4DC4-AC68-49C2E770F859}"
EndProject
Project("{FAE04EC0-301F-11D3-BF4B-00C04F79EFBC}") = "Phema.Validation.Extensions", "src\Phema.Validation.Extensions\Phema.Validation.Extensions.csproj", "{B86FD7C3-ED50-4D82-AA4B-7FEDA0EFD5F1}"
EndProject
Project("{FAE04EC0-301F-11D3-BF4B-00C04F79EFBC}") = "Phema.Validation.Extensions.Tests", "tests\Phema.Validation.Extensions.Tests\Phema.Validation.Extensions.Tests.csproj", "{D6208F30-08EC-4C11-B216-80BD7CB01D32}"
EndProject
Global
	GlobalSection(SolutionConfigurationPlatforms) = preSolution
		Debug|Any CPU = Debug|Any CPU
		Debug|x64 = Debug|x64
		Debug|x86 = Debug|x86
		Release|Any CPU = Release|Any CPU
		Release|x64 = Release|x64
		Release|x86 = Release|x86
	EndGlobalSection
	GlobalSection(SolutionProperties) = preSolution
		HideSolutionNode = FALSE
	EndGlobalSection
	GlobalSection(NestedProjects) = preSolution
		{0E677E35-B447-4A68-A2BF-778897A4419B} = {7604BD73-B9F9-4685-A350-E90D4D0AB2DC}
		{FF4261AE-77F5-4536-80A7-8A4475F488C1} = {7604BD73-B9F9-4685-A350-E90D4D0AB2DC}
		{EB1EC7C0-200C-4431-8211-4EBDF4871A27} = {6CDE176E-914E-42BE-94DE-AF2F8266C77F}
		{7DBB93F4-274D-4E01-925F-5036C6B95083} = {7604BD73-B9F9-4685-A350-E90D4D0AB2DC}
		{7D1ABE3F-436C-491B-A80A-12B0982746BB} = {7604BD73-B9F9-4685-A350-E90D4D0AB2DC}
		{A5091ECA-7D90-4DF8-890D-CC357CB407E4} = {6CDE176E-914E-42BE-94DE-AF2F8266C77F}
		{0C188AAB-C44D-4DC4-AC68-49C2E770F859} = {6CDE176E-914E-42BE-94DE-AF2F8266C77F}
		{B86FD7C3-ED50-4D82-AA4B-7FEDA0EFD5F1} = {7604BD73-B9F9-4685-A350-E90D4D0AB2DC}
		{D6208F30-08EC-4C11-B216-80BD7CB01D32} = {6CDE176E-914E-42BE-94DE-AF2F8266C77F}
	EndGlobalSection
	GlobalSection(ProjectConfigurationPlatforms) = postSolution
		{0E677E35-B447-4A68-A2BF-778897A4419B}.Debug|Any CPU.ActiveCfg = Debug|Any CPU
		{0E677E35-B447-4A68-A2BF-778897A4419B}.Debug|Any CPU.Build.0 = Debug|Any CPU
		{0E677E35-B447-4A68-A2BF-778897A4419B}.Debug|x64.ActiveCfg = Debug|Any CPU
		{0E677E35-B447-4A68-A2BF-778897A4419B}.Debug|x64.Build.0 = Debug|Any CPU
		{0E677E35-B447-4A68-A2BF-778897A4419B}.Debug|x86.ActiveCfg = Debug|Any CPU
		{0E677E35-B447-4A68-A2BF-778897A4419B}.Debug|x86.Build.0 = Debug|Any CPU
		{0E677E35-B447-4A68-A2BF-778897A4419B}.Release|Any CPU.ActiveCfg = Release|Any CPU
		{0E677E35-B447-4A68-A2BF-778897A4419B}.Release|Any CPU.Build.0 = Release|Any CPU
		{0E677E35-B447-4A68-A2BF-778897A4419B}.Release|x64.ActiveCfg = Release|Any CPU
		{0E677E35-B447-4A68-A2BF-778897A4419B}.Release|x64.Build.0 = Release|Any CPU
		{0E677E35-B447-4A68-A2BF-778897A4419B}.Release|x86.ActiveCfg = Release|Any CPU
		{0E677E35-B447-4A68-A2BF-778897A4419B}.Release|x86.Build.0 = Release|Any CPU
		{FF4261AE-77F5-4536-80A7-8A4475F488C1}.Debug|Any CPU.ActiveCfg = Debug|Any CPU
		{FF4261AE-77F5-4536-80A7-8A4475F488C1}.Debug|Any CPU.Build.0 = Debug|Any CPU
		{FF4261AE-77F5-4536-80A7-8A4475F488C1}.Debug|x64.ActiveCfg = Debug|Any CPU
		{FF4261AE-77F5-4536-80A7-8A4475F488C1}.Debug|x64.Build.0 = Debug|Any CPU
		{FF4261AE-77F5-4536-80A7-8A4475F488C1}.Debug|x86.ActiveCfg = Debug|Any CPU
		{FF4261AE-77F5-4536-80A7-8A4475F488C1}.Debug|x86.Build.0 = Debug|Any CPU
		{FF4261AE-77F5-4536-80A7-8A4475F488C1}.Release|Any CPU.ActiveCfg = Release|Any CPU
		{FF4261AE-77F5-4536-80A7-8A4475F488C1}.Release|Any CPU.Build.0 = Release|Any CPU
		{FF4261AE-77F5-4536-80A7-8A4475F488C1}.Release|x64.ActiveCfg = Release|Any CPU
		{FF4261AE-77F5-4536-80A7-8A4475F488C1}.Release|x64.Build.0 = Release|Any CPU
		{FF4261AE-77F5-4536-80A7-8A4475F488C1}.Release|x86.ActiveCfg = Release|Any CPU
		{FF4261AE-77F5-4536-80A7-8A4475F488C1}.Release|x86.Build.0 = Release|Any CPU
		{EB1EC7C0-200C-4431-8211-4EBDF4871A27}.Debug|Any CPU.ActiveCfg = Debug|Any CPU
		{EB1EC7C0-200C-4431-8211-4EBDF4871A27}.Debug|Any CPU.Build.0 = Debug|Any CPU
		{EB1EC7C0-200C-4431-8211-4EBDF4871A27}.Debug|x64.ActiveCfg = Debug|Any CPU
		{EB1EC7C0-200C-4431-8211-4EBDF4871A27}.Debug|x64.Build.0 = Debug|Any CPU
		{EB1EC7C0-200C-4431-8211-4EBDF4871A27}.Debug|x86.ActiveCfg = Debug|Any CPU
		{EB1EC7C0-200C-4431-8211-4EBDF4871A27}.Debug|x86.Build.0 = Debug|Any CPU
		{EB1EC7C0-200C-4431-8211-4EBDF4871A27}.Release|Any CPU.ActiveCfg = Release|Any CPU
		{EB1EC7C0-200C-4431-8211-4EBDF4871A27}.Release|Any CPU.Build.0 = Release|Any CPU
		{EB1EC7C0-200C-4431-8211-4EBDF4871A27}.Release|x64.ActiveCfg = Release|Any CPU
		{EB1EC7C0-200C-4431-8211-4EBDF4871A27}.Release|x64.Build.0 = Release|Any CPU
		{EB1EC7C0-200C-4431-8211-4EBDF4871A27}.Release|x86.ActiveCfg = Release|Any CPU
		{EB1EC7C0-200C-4431-8211-4EBDF4871A27}.Release|x86.Build.0 = Release|Any CPU
		{7DBB93F4-274D-4E01-925F-5036C6B95083}.Debug|Any CPU.ActiveCfg = Debug|Any CPU
		{7DBB93F4-274D-4E01-925F-5036C6B95083}.Debug|Any CPU.Build.0 = Debug|Any CPU
		{7DBB93F4-274D-4E01-925F-5036C6B95083}.Debug|x64.ActiveCfg = Debug|Any CPU
		{7DBB93F4-274D-4E01-925F-5036C6B95083}.Debug|x64.Build.0 = Debug|Any CPU
		{7DBB93F4-274D-4E01-925F-5036C6B95083}.Debug|x86.ActiveCfg = Debug|Any CPU
		{7DBB93F4-274D-4E01-925F-5036C6B95083}.Debug|x86.Build.0 = Debug|Any CPU
		{7DBB93F4-274D-4E01-925F-5036C6B95083}.Release|Any CPU.ActiveCfg = Release|Any CPU
		{7DBB93F4-274D-4E01-925F-5036C6B95083}.Release|Any CPU.Build.0 = Release|Any CPU
		{7DBB93F4-274D-4E01-925F-5036C6B95083}.Release|x64.ActiveCfg = Release|Any CPU
		{7DBB93F4-274D-4E01-925F-5036C6B95083}.Release|x64.Build.0 = Release|Any CPU
		{7DBB93F4-274D-4E01-925F-5036C6B95083}.Release|x86.ActiveCfg = Release|Any CPU
		{7DBB93F4-274D-4E01-925F-5036C6B95083}.Release|x86.Build.0 = Release|Any CPU
		{7D1ABE3F-436C-491B-A80A-12B0982746BB}.Debug|Any CPU.ActiveCfg = Debug|Any CPU
		{7D1ABE3F-436C-491B-A80A-12B0982746BB}.Debug|Any CPU.Build.0 = Debug|Any CPU
		{7D1ABE3F-436C-491B-A80A-12B0982746BB}.Debug|x64.ActiveCfg = Debug|Any CPU
		{7D1ABE3F-436C-491B-A80A-12B0982746BB}.Debug|x64.Build.0 = Debug|Any CPU
		{7D1ABE3F-436C-491B-A80A-12B0982746BB}.Debug|x86.ActiveCfg = Debug|Any CPU
		{7D1ABE3F-436C-491B-A80A-12B0982746BB}.Debug|x86.Build.0 = Debug|Any CPU
		{7D1ABE3F-436C-491B-A80A-12B0982746BB}.Release|Any CPU.ActiveCfg = Release|Any CPU
		{7D1ABE3F-436C-491B-A80A-12B0982746BB}.Release|Any CPU.Build.0 = Release|Any CPU
		{7D1ABE3F-436C-491B-A80A-12B0982746BB}.Release|x64.ActiveCfg = Release|Any CPU
		{7D1ABE3F-436C-491B-A80A-12B0982746BB}.Release|x64.Build.0 = Release|Any CPU
		{7D1ABE3F-436C-491B-A80A-12B0982746BB}.Release|x86.ActiveCfg = Release|Any CPU
		{7D1ABE3F-436C-491B-A80A-12B0982746BB}.Release|x86.Build.0 = Release|Any CPU
		{A5091ECA-7D90-4DF8-890D-CC357CB407E4}.Debug|Any CPU.ActiveCfg = Debug|Any CPU
		{A5091ECA-7D90-4DF8-890D-CC357CB407E4}.Debug|Any CPU.Build.0 = Debug|Any CPU
		{A5091ECA-7D90-4DF8-890D-CC357CB407E4}.Debug|x64.ActiveCfg = Debug|Any CPU
		{A5091ECA-7D90-4DF8-890D-CC357CB407E4}.Debug|x64.Build.0 = Debug|Any CPU
		{A5091ECA-7D90-4DF8-890D-CC357CB407E4}.Debug|x86.ActiveCfg = Debug|Any CPU
		{A5091ECA-7D90-4DF8-890D-CC357CB407E4}.Debug|x86.Build.0 = Debug|Any CPU
		{A5091ECA-7D90-4DF8-890D-CC357CB407E4}.Release|Any CPU.ActiveCfg = Release|Any CPU
		{A5091ECA-7D90-4DF8-890D-CC357CB407E4}.Release|Any CPU.Build.0 = Release|Any CPU
		{A5091ECA-7D90-4DF8-890D-CC357CB407E4}.Release|x64.ActiveCfg = Release|Any CPU
		{A5091ECA-7D90-4DF8-890D-CC357CB407E4}.Release|x64.Build.0 = Release|Any CPU
		{A5091ECA-7D90-4DF8-890D-CC357CB407E4}.Release|x86.ActiveCfg = Release|Any CPU
		{A5091ECA-7D90-4DF8-890D-CC357CB407E4}.Release|x86.Build.0 = Release|Any CPU
		{0C188AAB-C44D-4DC4-AC68-49C2E770F859}.Debug|Any CPU.ActiveCfg = Debug|Any CPU
		{0C188AAB-C44D-4DC4-AC68-49C2E770F859}.Debug|Any CPU.Build.0 = Debug|Any CPU
		{0C188AAB-C44D-4DC4-AC68-49C2E770F859}.Debug|x64.ActiveCfg = Debug|Any CPU
		{0C188AAB-C44D-4DC4-AC68-49C2E770F859}.Debug|x64.Build.0 = Debug|Any CPU
		{0C188AAB-C44D-4DC4-AC68-49C2E770F859}.Debug|x86.ActiveCfg = Debug|Any CPU
		{0C188AAB-C44D-4DC4-AC68-49C2E770F859}.Debug|x86.Build.0 = Debug|Any CPU
		{0C188AAB-C44D-4DC4-AC68-49C2E770F859}.Release|Any CPU.ActiveCfg = Release|Any CPU
		{0C188AAB-C44D-4DC4-AC68-49C2E770F859}.Release|Any CPU.Build.0 = Release|Any CPU
		{0C188AAB-C44D-4DC4-AC68-49C2E770F859}.Release|x64.ActiveCfg = Release|Any CPU
		{0C188AAB-C44D-4DC4-AC68-49C2E770F859}.Release|x64.Build.0 = Release|Any CPU
		{0C188AAB-C44D-4DC4-AC68-49C2E770F859}.Release|x86.ActiveCfg = Release|Any CPU
		{0C188AAB-C44D-4DC4-AC68-49C2E770F859}.Release|x86.Build.0 = Release|Any CPU
		{B86FD7C3-ED50-4D82-AA4B-7FEDA0EFD5F1}.Debug|Any CPU.ActiveCfg = Debug|Any CPU
		{B86FD7C3-ED50-4D82-AA4B-7FEDA0EFD5F1}.Debug|Any CPU.Build.0 = Debug|Any CPU
		{B86FD7C3-ED50-4D82-AA4B-7FEDA0EFD5F1}.Debug|x64.ActiveCfg = Debug|Any CPU
		{B86FD7C3-ED50-4D82-AA4B-7FEDA0EFD5F1}.Debug|x64.Build.0 = Debug|Any CPU
		{B86FD7C3-ED50-4D82-AA4B-7FEDA0EFD5F1}.Debug|x86.ActiveCfg = Debug|Any CPU
		{B86FD7C3-ED50-4D82-AA4B-7FEDA0EFD5F1}.Debug|x86.Build.0 = Debug|Any CPU
		{B86FD7C3-ED50-4D82-AA4B-7FEDA0EFD5F1}.Release|Any CPU.ActiveCfg = Release|Any CPU
		{B86FD7C3-ED50-4D82-AA4B-7FEDA0EFD5F1}.Release|Any CPU.Build.0 = Release|Any CPU
		{B86FD7C3-ED50-4D82-AA4B-7FEDA0EFD5F1}.Release|x64.ActiveCfg = Release|Any CPU
		{B86FD7C3-ED50-4D82-AA4B-7FEDA0EFD5F1}.Release|x64.Build.0 = Release|Any CPU
		{B86FD7C3-ED50-4D82-AA4B-7FEDA0EFD5F1}.Release|x86.ActiveCfg = Release|Any CPU
		{B86FD7C3-ED50-4D82-AA4B-7FEDA0EFD5F1}.Release|x86.Build.0 = Release|Any CPU
		{D6208F30-08EC-4C11-B216-80BD7CB01D32}.Debug|Any CPU.ActiveCfg = Debug|Any CPU
		{D6208F30-08EC-4C11-B216-80BD7CB01D32}.Debug|Any CPU.Build.0 = Debug|Any CPU
		{D6208F30-08EC-4C11-B216-80BD7CB01D32}.Debug|x64.ActiveCfg = Debug|Any CPU
		{D6208F30-08EC-4C11-B216-80BD7CB01D32}.Debug|x64.Build.0 = Debug|Any CPU
		{D6208F30-08EC-4C11-B216-80BD7CB01D32}.Debug|x86.ActiveCfg = Debug|Any CPU
		{D6208F30-08EC-4C11-B216-80BD7CB01D32}.Debug|x86.Build.0 = Debug|Any CPU
		{D6208F30-08EC-4C11-B216-80BD7CB01D32}.Release|Any CPU.ActiveCfg = Release|Any CPU
		{D6208F30-08EC-4C11-B216-80BD7CB01D32}.Release|Any CPU.Build.0 = Release|Any CPU
		{D6208F30-08EC-4C11-B216-80BD7CB01D32}.Release|x64.ActiveCfg = Release|Any CPU
		{D6208F30-08EC-4C11-B216-80BD7CB01D32}.Release|x64.Build.0 = Release|Any CPU
		{D6208F30-08EC-4C11-B216-80BD7CB01D32}.Release|x86.ActiveCfg = Release|Any CPU
		{D6208F30-08EC-4C11-B216-80BD7CB01D32}.Release|x86.Build.0 = Release|Any CPU
	EndGlobalSection
EndGlobal
